
Microsoft Visual Studio Solution File, Format Version 12.00
# Visual Studio Version 16
VisualStudioVersion = 16.0.30413.136
MinimumVisualStudioVersion = 10.0.40219.1
Project("{FAE04EC0-301F-11D3-BF4B-00C04F79EFBC}") = "AzertyGitHubWPF", "AzertyGitHubWPF\AzertyGitHubWPF.csproj", "{C6198819-B4EF-4EC7-9DC4-07663051F9FC}"
EndProject
Project("{FAE04EC0-301F-11D3-BF4B-00C04F79EFBC}") = "MetierAzerty", "MetierAzerty\MetierAzerty.csproj", "{EAAD9243-84EE-499C-8E8B-A5EA450BADED}"
EndProject
Global
	GlobalSection(SolutionConfigurationPlatforms) = preSolution
		Debug|Any CPU = Debug|Any CPU
		Release|Any CPU = Release|Any CPU
	EndGlobalSection
	GlobalSection(ProjectConfigurationPlatforms) = postSolution
		{C6198819-B4EF-4EC7-9DC4-07663051F9FC}.Debug|Any CPU.ActiveCfg = Debug|Any CPU
		{C6198819-B4EF-4EC7-9DC4-07663051F9FC}.Debug|Any CPU.Build.0 = Debug|Any CPU
		{C6198819-B4EF-4EC7-9DC4-07663051F9FC}.Release|Any CPU.ActiveCfg = Release|Any CPU
		{C6198819-B4EF-4EC7-9DC4-07663051F9FC}.Release|Any CPU.Build.0 = Release|Any CPU
		{EAAD9243-84EE-499C-8E8B-A5EA450BADED}.Debug|Any CPU.ActiveCfg = Debug|Any CPU
		{EAAD9243-84EE-499C-8E8B-A5EA450BADED}.Debug|Any CPU.Build.0 = Debug|Any CPU
		{EAAD9243-84EE-499C-8E8B-A5EA450BADED}.Release|Any CPU.ActiveCfg = Release|Any CPU
		{EAAD9243-84EE-499C-8E8B-A5EA450BADED}.Release|Any CPU.Build.0 = Release|Any CPU
	EndGlobalSection
	GlobalSection(SolutionProperties) = preSolution
		HideSolutionNode = FALSE
	EndGlobalSection
	GlobalSection(ExtensibilityGlobals) = postSolution
		SolutionGuid = {39AD4D63-5940-450A-A0F7-AE8179D7B368}
	EndGlobalSection
EndGlobal
